// !$*UTF8*$!
{
	archiveVersion = 1;
	classes = {
	};
	objectVersion = 46;
	objects = {

/* Begin PBXBuildFile section */
		AE3774F71CA4EA5A00641861 /* AKGraphBar.m in Sources */ = {isa = PBXBuildFile; fileRef = AE3774F61CA4EA5A00641861 /* AKGraphBar.m */; };
		AE3774FA1CA4EB0700641861 /* AKGraphBarSettings.m in Sources */ = {isa = PBXBuildFile; fileRef = AE3774F91CA4EB0700641861 /* AKGraphBarSettings.m */; };
		AE9345C11CA469FC00DFD341 /* main.m in Sources */ = {isa = PBXBuildFile; fileRef = AE9345C01CA469FC00DFD341 /* main.m */; };
		AE9345C41CA469FC00DFD341 /* AppDelegate.m in Sources */ = {isa = PBXBuildFile; fileRef = AE9345C31CA469FC00DFD341 /* AppDelegate.m */; };
		AE9345CC1CA469FC00DFD341 /* Assets.xcassets in Resources */ = {isa = PBXBuildFile; fileRef = AE9345CB1CA469FC00DFD341 /* Assets.xcassets */; };
		AE9345D81CA46AA200DFD341 /* MainView.xib in Resources */ = {isa = PBXBuildFile; fileRef = AE9345D61CA46AA200DFD341 /* MainView.xib */; };
		AE9345DB1CA46B2200DFD341 /* Demoview.xib in Resources */ = {isa = PBXBuildFile; fileRef = AE9345D91CA46B2200DFD341 /* Demoview.xib */; };
		AE9345DE1CA46B4700DFD341 /* AKDemoController.m in Sources */ = {isa = PBXBuildFile; fileRef = AE9345DD1CA46B4700DFD341 /* AKDemoController.m */; };
/* End PBXBuildFile section */

/* Begin PBXFileReference section */
		AE3774F51CA4EA5A00641861 /* AKGraphBar.h */ = {isa = PBXFileReference; fileEncoding = 4; lastKnownFileType = sourcecode.c.h; name = AKGraphBar.h; path = Model/AKGraphBar.h; sourceTree = "<group>"; };
		AE3774F61CA4EA5A00641861 /* AKGraphBar.m */ = {isa = PBXFileReference; fileEncoding = 4; lastKnownFileType = sourcecode.c.objc; name = AKGraphBar.m; path = Model/AKGraphBar.m; sourceTree = "<group>"; };
		AE3774F81CA4EB0700641861 /* AKGraphBarSettings.h */ = {isa = PBXFileReference; fileEncoding = 4; lastKnownFileType = sourcecode.c.h; name = AKGraphBarSettings.h; path = Model/AKGraphBarSettings.h; sourceTree = "<group>"; };
		AE3774F91CA4EB0700641861 /* AKGraphBarSettings.m */ = {isa = PBXFileReference; fileEncoding = 4; lastKnownFileType = sourcecode.c.objc; name = AKGraphBarSettings.m; path = Model/AKGraphBarSettings.m; sourceTree = "<group>"; };
		AE9345BC1CA469FC00DFD341 /* AKGraphBar.app */ = {isa = PBXFileReference; explicitFileType = wrapper.application; includeInIndex = 0; path = AKGraphBar.app; sourceTree = BUILT_PRODUCTS_DIR; };
		AE9345C01CA469FC00DFD341 /* main.m */ = {isa = PBXFileReference; lastKnownFileType = sourcecode.c.objc; path = main.m; sourceTree = "<group>"; };
		AE9345C21CA469FC00DFD341 /* AppDelegate.h */ = {isa = PBXFileReference; lastKnownFileType = sourcecode.c.h; path = AppDelegate.h; sourceTree = "<group>"; };
		AE9345C31CA469FC00DFD341 /* AppDelegate.m */ = {isa = PBXFileReference; lastKnownFileType = sourcecode.c.objc; path = AppDelegate.m; sourceTree = "<group>"; };
		AE9345CB1CA469FC00DFD341 /* Assets.xcassets */ = {isa = PBXFileReference; lastKnownFileType = folder.assetcatalog; path = Assets.xcassets; sourceTree = "<group>"; };
		AE9345D01CA469FC00DFD341 /* Info.plist */ = {isa = PBXFileReference; lastKnownFileType = text.plist.xml; path = Info.plist; sourceTree = "<group>"; };
		AE9345D71CA46AA200DFD341 /* Base */ = {isa = PBXFileReference; lastKnownFileType = file.xib; name = Base; path = Base.lproj/MainView.xib; sourceTree = "<group>"; };
		AE9345DA1CA46B2200DFD341 /* Base */ = {isa = PBXFileReference; lastKnownFileType = file.xib; name = Base; path = Base.lproj/Demoview.xib; sourceTree = "<group>"; };
		AE9345DC1CA46B4700DFD341 /* AKDemoController.h */ = {isa = PBXFileReference; fileEncoding = 4; lastKnownFileType = sourcecode.c.h; name = AKDemoController.h; path = Controllers/AKDemoController.h; sourceTree = "<group>"; };
		AE9345DD1CA46B4700DFD341 /* AKDemoController.m */ = {isa = PBXFileReference; fileEncoding = 4; lastKnownFileType = sourcecode.c.objc; name = AKDemoController.m; path = Controllers/AKDemoController.m; sourceTree = "<group>"; };
/* End PBXFileReference section */

/* Begin PBXFrameworksBuildPhase section */
		AE9345B91CA469FC00DFD341 /* Frameworks */ = {
			isa = PBXFrameworksBuildPhase;
			buildActionMask = 2147483647;
			files = (
			);
			runOnlyForDeploymentPostprocessing = 0;
		};
/* End PBXFrameworksBuildPhase section */

/* Begin PBXGroup section */
		AE3774FB1CA4EFDF00641861 /* GraphBar */ = {
			isa = PBXGroup;
			children = (
				AE3774F81CA4EB0700641861 /* AKGraphBarSettings.h */,
				AE3774F91CA4EB0700641861 /* AKGraphBarSettings.m */,
				AE3774F51CA4EA5A00641861 /* AKGraphBar.h */,
				AE3774F61CA4EA5A00641861 /* AKGraphBar.m */,
			);
			name = GraphBar;
			sourceTree = "<group>";
		};
		AE9345B31CA469FC00DFD341 = {
			isa = PBXGroup;
			children = (
				AE3774FB1CA4EFDF00641861 /* GraphBar */,
				AE9345BE1CA469FC00DFD341 /* AKGraphBar */,
				AE9345BD1CA469FC00DFD341 /* Products */,
			);
			sourceTree = "<group>";
		};
		AE9345BD1CA469FC00DFD341 /* Products */ = {
			isa = PBXGroup;
			children = (
				AE9345BC1CA469FC00DFD341 /* AKGraphBar.app */,
			);
			name = Products;
			sourceTree = "<group>";
		};
		AE9345BE1CA469FC00DFD341 /* AKGraphBar */ = {
			isa = PBXGroup;
			children = (
				AE9345C21CA469FC00DFD341 /* AppDelegate.h */,
				AE9345C31CA469FC00DFD341 /* AppDelegate.m */,
				AE9345DC1CA46B4700DFD341 /* AKDemoController.h */,
				AE9345DD1CA46B4700DFD341 /* AKDemoController.m */,
				AE9345D61CA46AA200DFD341 /* MainView.xib */,
				AE9345D91CA46B2200DFD341 /* Demoview.xib */,
				AE9345CB1CA469FC00DFD341 /* Assets.xcassets */,
				AE9345D01CA469FC00DFD341 /* Info.plist */,
				AE9345BF1CA469FC00DFD341 /* Supporting Files */,
			);
			path = AKGraphBar;
			sourceTree = "<group>";
		};
		AE9345BF1CA469FC00DFD341 /* Supporting Files */ = {
			isa = PBXGroup;
			children = (
				AE9345C01CA469FC00DFD341 /* main.m */,
			);
			name = "Supporting Files";
			sourceTree = "<group>";
		};
/* End PBXGroup section */

/* Begin PBXNativeTarget section */
		AE9345BB1CA469FC00DFD341 /* AKGraphBar */ = {
			isa = PBXNativeTarget;
			buildConfigurationList = AE9345D31CA469FC00DFD341 /* Build configuration list for PBXNativeTarget "AKGraphBar" */;
			buildPhases = (
				AE9345B81CA469FC00DFD341 /* Sources */,
				AE9345B91CA469FC00DFD341 /* Frameworks */,
				AE9345BA1CA469FC00DFD341 /* Resources */,
			);
			buildRules = (
			);
			dependencies = (
			);
			name = AKGraphBar;
			productName = AKGraphBar;
			productReference = AE9345BC1CA469FC00DFD341 /* AKGraphBar.app */;
			productType = "com.apple.product-type.application";
		};
/* End PBXNativeTarget section */

/* Begin PBXProject section */
		AE9345B41CA469FC00DFD341 /* Project object */ = {
			isa = PBXProject;
			attributes = {
				LastUpgradeCheck = 0720;
				ORGANIZATIONNAME = AntonKorolev;
				TargetAttributes = {
					AE9345BB1CA469FC00DFD341 = {
						CreatedOnToolsVersion = 7.2.1;
					};
				};
			};
			buildConfigurationList = AE9345B71CA469FC00DFD341 /* Build configuration list for PBXProject "AKGraphBar" */;
			compatibilityVersion = "Xcode 3.2";
			developmentRegion = English;
			hasScannedForEncodings = 0;
			knownRegions = (
				en,
				Base,
			);
			mainGroup = AE9345B31CA469FC00DFD341;
			productRefGroup = AE9345BD1CA469FC00DFD341 /* Products */;
			projectDirPath = "";
			projectRoot = "";
			targets = (
				AE9345BB1CA469FC00DFD341 /* AKGraphBar */,
			);
		};
/* End PBXProject section */

/* Begin PBXResourcesBuildPhase section */
		AE9345BA1CA469FC00DFD341 /* Resources */ = {
			isa = PBXResourcesBuildPhase;
			buildActionMask = 2147483647;
			files = (
				AE9345CC1CA469FC00DFD341 /* Assets.xcassets in Resources */,
				AE9345DB1CA46B2200DFD341 /* Demoview.xib in Resources */,
				AE9345D81CA46AA200DFD341 /* MainView.xib in Resources */,
			);
			runOnlyForDeploymentPostprocessing = 0;
		};
/* End PBXResourcesBuildPhase section */

/* Begin PBXSourcesBuildPhase section */
		AE9345B81CA469FC00DFD341 /* Sources */ = {
			isa = PBXSourcesBuildPhase;
			buildActionMask = 2147483647;
			files = (
				AE3774FA1CA4EB0700641861 /* AKGraphBarSettings.m in Sources */,
				AE9345C41CA469FC00DFD341 /* AppDelegate.m in Sources */,
				AE9345DE1CA46B4700DFD341 /* AKDemoController.m in Sources */,
				AE3774F71CA4EA5A00641861 /* AKGraphBar.m in Sources */,
				AE9345C11CA469FC00DFD341 /* main.m in Sources */,
			);
			runOnlyForDeploymentPostprocessing = 0;
		};
/* End PBXSourcesBuildPhase section */

/* Begin PBXVariantGroup section */
		AE9345D61CA46AA200DFD341 /* MainView.xib */ = {
			isa = PBXVariantGroup;
			children = (
				AE9345D71CA46AA200DFD341 /* Base */,
			);
			name = MainView.xib;
			sourceTree = "<group>";
		};
		AE9345D91CA46B2200DFD341 /* Demoview.xib */ = {
			isa = PBXVariantGroup;
			children = (
				AE9345DA1CA46B2200DFD341 /* Base */,
			);
			name = Demoview.xib;
			sourceTree = "<group>";
		};
/* End PBXVariantGroup section */

/* Begin XCBuildConfiguration section */
		AE9345D11CA469FC00DFD341 /* Debug */ = {
			isa = XCBuildConfiguration;
			buildSettings = {
				ALWAYS_SEARCH_USER_PATHS = NO;
				CLANG_CXX_LANGUAGE_STANDARD = "gnu++0x";
				CLANG_CXX_LIBRARY = "libc++";
				CLANG_ENABLE_MODULES = YES;
				CLANG_ENABLE_OBJC_ARC = YES;
				CLANG_WARN_BOOL_CONVERSION = YES;
				CLANG_WARN_CONSTANT_CONVERSION = YES;
				CLANG_WARN_DIRECT_OBJC_ISA_USAGE = YES_ERROR;
				CLANG_WARN_EMPTY_BODY = YES;
				CLANG_WARN_ENUM_CONVERSION = YES;
				CLANG_WARN_INT_CONVERSION = YES;
				CLANG_WARN_OBJC_ROOT_CLASS = YES_ERROR;
				CLANG_WARN_UNREACHABLE_CODE = YES;
				CLANG_WARN__DUPLICATE_METHOD_MATCH = YES;
				"CODE_SIGN_IDENTITY[sdk=iphoneos*]" = "iPhone Developer";
				COPY_PHASE_STRIP = NO;
				DEBUG_INFORMATION_FORMAT = dwarf;
				ENABLE_STRICT_OBJC_MSGSEND = YES;
				ENABLE_TESTABILITY = YES;
				GCC_C_LANGUAGE_STANDARD = gnu99;
				GCC_DYNAMIC_NO_PIC = NO;
				GCC_NO_COMMON_BLOCKS = YES;
				GCC_OPTIMIZATION_LEVEL = 0;
				GCC_PREPROCESSOR_DEFINITIONS = (
					"DEBUG=1",
					"$(inherited)",
				);
				GCC_WARN_64_TO_32_BIT_CONVERSION = YES;
				GCC_WARN_ABOUT_RETURN_TYPE = YES_ERROR;
				GCC_WARN_UNDECLARED_SELECTOR = YES;
				GCC_WARN_UNINITIALIZED_AUTOS = YES_AGGRESSIVE;
				GCC_WARN_UNUSED_FUNCTION = YES;
				GCC_WARN_UNUSED_VARIABLE = YES;
				IPHONEOS_DEPLOYMENT_TARGET = 9.2;
				MTL_ENABLE_DEBUG_INFO = YES;
				ONLY_ACTIVE_ARCH = YES;
				SDKROOT = iphoneos;
			};
			name = Debug;
		};
		AE9345D21CA469FC00DFD341 /* Release */ = {
			isa = XCBuildConfiguration;
			buildSettings = {
				ALWAYS_SEARCH_USER_PATHS = NO;
				CLANG_CXX_LANGUAGE_STANDARD = "gnu++0x";
				CLANG_CXX_LIBRARY = "libc++";
				CLANG_ENABLE_MODULES = YES;
				CLANG_ENABLE_OBJC_ARC = YES;
				CLANG_WARN_BOOL_CONVERSION = YES;
				CLANG_WARN_CONSTANT_CONVERSION = YES;
				CLANG_WARN_DIRECT_OBJC_ISA_USAGE = YES_ERROR;
				CLANG_WARN_EMPTY_BODY = YES;
				CLANG_WARN_ENUM_CONVERSION = YES;
				CLANG_WARN_INT_CONVERSION = YES;
				CLANG_WARN_OBJC_ROOT_CLASS = YES_ERROR;
				CLANG_WARN_UNREACHABLE_CODE = YES;
				CLANG_WARN__DUPLICATE_METHOD_MATCH = YES;
				"CODE_SIGN_IDENTITY[sdk=iphoneos*]" = "iPhone Developer";
				COPY_PHASE_STRIP = NO;
				DEBUG_INFORMATION_FORMAT = "dwarf-with-dsym";
				ENABLE_NS_ASSERTIONS = NO;
				ENABLE_STRICT_OBJC_MSGSEND = YES;
				GCC_C_LANGUAGE_STANDARD = gnu99;
				GCC_NO_COMMON_BLOCKS = YES;
				GCC_WARN_64_TO_32_BIT_CONVERSION = YES;
				GCC_WARN_ABOUT_RETURN_TYPE = YES_ERROR;
				GCC_WARN_UNDECLARED_SELECTOR = YES;
				GCC_WARN_UNINITIALIZED_AUTOS = YES_AGGRESSIVE;
				GCC_WARN_UNUSED_FUNCTION = YES;
				GCC_WARN_UNUSED_VARIABLE = YES;
				IPHONEOS_DEPLOYMENT_TARGET = 9.2;
				MTL_ENABLE_DEBUG_INFO = NO;
				SDKROOT = iphoneos;
				VALIDATE_PRODUCT = YES;
			};
			name = Release;
		};
		AE9345D41CA469FC00DFD341 /* Debug */ = {
			isa = XCBuildConfiguration;
			buildSettings = {
				ASSETCATALOG_COMPILER_APPICON_NAME = AppIcon;
				INFOPLIST_FILE = AKGraphBar/Info.plist;
				LD_RUNPATH_SEARCH_PATHS = "$(inherited) @executable_path/Frameworks";
				PRODUCT_BUNDLE_IDENTIFIER = Anton.Korolev.AKGraphBar;
				PRODUCT_NAME = "$(TARGET_NAME)";
			};
			name = Debug;
		};
		AE9345D51CA469FC00DFD341 /* Release */ = {
			isa = XCBuildConfiguration;
			buildSettings = {
				ASSETCATALOG_COMPILER_APPICON_NAME = AppIcon;
				INFOPLIST_FILE = AKGraphBar/Info.plist;
				LD_RUNPATH_SEARCH_PATHS = "$(inherited) @executable_path/Frameworks";
				PRODUCT_BUNDLE_IDENTIFIER = Anton.Korolev.AKGraphBar;
				PRODUCT_NAME = "$(TARGET_NAME)";
			};
			name = Release;
		};
/* End XCBuildConfiguration section */

/* Begin XCConfigurationList section */
		AE9345B71CA469FC00DFD341 /* Build configuration list for PBXProject "AKGraphBar" */ = {
			isa = XCConfigurationList;
			buildConfigurations = (
				AE9345D11CA469FC00DFD341 /* Debug */,
				AE9345D21CA469FC00DFD341 /* Release */,
			);
			defaultConfigurationIsVisible = 0;
			defaultConfigurationName = Release;
		};
		AE9345D31CA469FC00DFD341 /* Build configuration list for PBXNativeTarget "AKGraphBar" */ = {
			isa = XCConfigurationList;
			buildConfigurations = (
				AE9345D41CA469FC00DFD341 /* Debug */,
				AE9345D51CA469FC00DFD341 /* Release */,
			);
			defaultConfigurationIsVisible = 0;
			defaultConfigurationName = Release;
		};
/* End XCConfigurationList section */
	};
	rootObject = AE9345B41CA469FC00DFD341 /* Project object */;
}
